
Microsoft Visual Studio Solution File, Format Version 12.00
# Visual Studio Version 16
VisualStudioVersion = 16.0.33801.447
MinimumVisualStudioVersion = 10.0.40219.1
Project("{FAE04EC0-301F-11D3-BF4B-00C04F79EFBC}") = "MyFirstApplication.Android", "MyFirstApplication.Android\MyFirstApplication.Android.csproj", "{49C0027B-7463-4B40-84EA-F521114744A7}"
EndProject
Project("{FAE04EC0-301F-11D3-BF4B-00C04F79EFBC}") = "MyFirstApplication.iOS", "MyFirstApplication.iOS\MyFirstApplication.iOS.csproj", "{BEC4342B-9C64-4851-A934-349EC652895D}"
EndProject
Project("{FAE04EC0-301F-11D3-BF4B-00C04F79EFBC}") = "MyFirstApplication", "MyFirstApplication\MyFirstApplication.csproj", "{072F5895-87FE-4F81-AEDC-0F803D11136F}"
EndProject
Global
	GlobalSection(SolutionConfigurationPlatforms) = preSolution
		Debug|Any CPU = Debug|Any CPU
		Debug|iPhone = Debug|iPhone
		Debug|iPhoneSimulator = Debug|iPhoneSimulator
		Release|Any CPU = Release|Any CPU
		Release|iPhone = Release|iPhone
		Release|iPhoneSimulator = Release|iPhoneSimulator
	EndGlobalSection
	GlobalSection(ProjectConfigurationPlatforms) = postSolution
		{49C0027B-7463-4B40-84EA-F521114744A7}.Debug|Any CPU.ActiveCfg = Debug|Any CPU
		{49C0027B-7463-4B40-84EA-F521114744A7}.Debug|Any CPU.Build.0 = Debug|Any CPU
		{49C0027B-7463-4B40-84EA-F521114744A7}.Debug|Any CPU.Deploy.0 = Debug|Any CPU
		{49C0027B-7463-4B40-84EA-F521114744A7}.Debug|iPhone.ActiveCfg = Debug|Any CPU
		{49C0027B-7463-4B40-84EA-F521114744A7}.Debug|iPhone.Build.0 = Debug|Any CPU
		{49C0027B-7463-4B40-84EA-F521114744A7}.Debug|iPhone.Deploy.0 = Debug|Any CPU
		{49C0027B-7463-4B40-84EA-F521114744A7}.Debug|iPhoneSimulator.ActiveCfg = Debug|Any CPU
		{49C0027B-7463-4B40-84EA-F521114744A7}.Debug|iPhoneSimulator.Build.0 = Debug|Any CPU
		{49C0027B-7463-4B40-84EA-F521114744A7}.Debug|iPhoneSimulator.Deploy.0 = Debug|Any CPU
		{49C0027B-7463-4B40-84EA-F521114744A7}.Release|Any CPU.ActiveCfg = Release|Any CPU
		{49C0027B-7463-4B40-84EA-F521114744A7}.Release|Any CPU.Build.0 = Release|Any CPU
		{49C0027B-7463-4B40-84EA-F521114744A7}.Release|Any CPU.Deploy.0 = Release|Any CPU
		{49C0027B-7463-4B40-84EA-F521114744A7}.Release|iPhone.ActiveCfg = Release|Any CPU
		{49C0027B-7463-4B40-84EA-F521114744A7}.Release|iPhone.Build.0 = Release|Any CPU
		{49C0027B-7463-4B40-84EA-F521114744A7}.Release|iPhone.Deploy.0 = Release|Any CPU
		{49C0027B-7463-4B40-84EA-F521114744A7}.Release|iPhoneSimulator.ActiveCfg = Release|Any CPU
		{49C0027B-7463-4B40-84EA-F521114744A7}.Release|iPhoneSimulator.Build.0 = Release|Any CPU
		{49C0027B-7463-4B40-84EA-F521114744A7}.Release|iPhoneSimulator.Deploy.0 = Release|Any CPU
		{BEC4342B-9C64-4851-A934-349EC652895D}.Debug|Any CPU.ActiveCfg = Debug|iPhone
		{BEC4342B-9C64-4851-A934-349EC652895D}.Debug|Any CPU.Build.0 = Debug|iPhone
		{BEC4342B-9C64-4851-A934-349EC652895D}.Debug|Any CPU.Deploy.0 = Debug|iPhone
		{BEC4342B-9C64-4851-A934-349EC652895D}.Debug|iPhone.ActiveCfg = Debug|iPhone
		{BEC4342B-9C64-4851-A934-349EC652895D}.Debug|iPhone.Build.0 = Debug|iPhone
		{BEC4342B-9C64-4851-A934-349EC652895D}.Debug|iPhone.Deploy.0 = Debug|iPhone
		{BEC4342B-9C64-4851-A934-349EC652895D}.Debug|iPhoneSimulator.ActiveCfg = Debug|iPhoneSimulator
		{BEC4342B-9C64-4851-A934-349EC652895D}.Debug|iPhoneSimulator.Build.0 = Debug|iPhoneSimulator
		{BEC4342B-9C64-4851-A934-349EC652895D}.Debug|iPhoneSimulator.Deploy.0 = Debug|iPhoneSimulator
		{BEC4342B-9C64-4851-A934-349EC652895D}.Release|Any CPU.ActiveCfg = Release|iPhoneSimulator
		{BEC4342B-9C64-4851-A934-349EC652895D}.Release|Any CPU.Build.0 = Release|iPhoneSimulator
		{BEC4342B-9C64-4851-A934-349EC652895D}.Release|Any CPU.Deploy.0 = Release|iPhoneSimulator
		{BEC4342B-9C64-4851-A934-349EC652895D}.Release|iPhone.ActiveCfg = Release|iPhone
		{BEC4342B-9C64-4851-A934-349EC652895D}.Release|iPhone.Build.0 = Release|iPhone
		{BEC4342B-9C64-4851-A934-349EC652895D}.Release|iPhone.Deploy.0 = Release|iPhone
		{BEC4342B-9C64-4851-A934-349EC652895D}.Release|iPhoneSimulator.ActiveCfg = Release|iPhoneSimulator
		{BEC4342B-9C64-4851-A934-349EC652895D}.Release|iPhoneSimulator.Build.0 = Release|iPhoneSimulator
		{BEC4342B-9C64-4851-A934-349EC652895D}.Release|iPhoneSimulator.Deploy.0 = Release|iPhoneSimulator
		{072F5895-87FE-4F81-AEDC-0F803D11136F}.Debug|Any CPU.ActiveCfg = Debug|Any CPU
		{072F5895-87FE-4F81-AEDC-0F803D11136F}.Debug|Any CPU.Build.0 = Debug|Any CPU
		{072F5895-87FE-4F81-AEDC-0F803D11136F}.Debug|Any CPU.Deploy.0 = Debug|Any CPU
		{072F5895-87FE-4F81-AEDC-0F803D11136F}.Debug|iPhone.ActiveCfg = Debug|Any CPU
		{072F5895-87FE-4F81-AEDC-0F803D11136F}.Debug|iPhone.Build.0 = Debug|Any CPU
		{072F5895-87FE-4F81-AEDC-0F803D11136F}.Debug|iPhone.Deploy.0 = Debug|Any CPU
		{072F5895-87FE-4F81-AEDC-0F803D11136F}.Debug|iPhoneSimulator.ActiveCfg = Debug|Any CPU
		{072F5895-87FE-4F81-AEDC-0F803D11136F}.Debug|iPhoneSimulator.Build.0 = Debug|Any CPU
		{072F5895-87FE-4F81-AEDC-0F803D11136F}.Debug|iPhoneSimulator.Deploy.0 = Debug|Any CPU
		{072F5895-87FE-4F81-AEDC-0F803D11136F}.Release|Any CPU.ActiveCfg = Release|Any CPU
		{072F5895-87FE-4F81-AEDC-0F803D11136F}.Release|Any CPU.Build.0 = Release|Any CPU
		{072F5895-87FE-4F81-AEDC-0F803D11136F}.Release|Any CPU.Deploy.0 = Release|Any CPU
		{072F5895-87FE-4F81-AEDC-0F803D11136F}.Release|iPhone.ActiveCfg = Release|Any CPU
		{072F5895-87FE-4F81-AEDC-0F803D11136F}.Release|iPhone.Build.0 = Release|Any CPU
		{072F5895-87FE-4F81-AEDC-0F803D11136F}.Release|iPhone.Deploy.0 = Release|Any CPU
		{072F5895-87FE-4F81-AEDC-0F803D11136F}.Release|iPhoneSimulator.ActiveCfg = Release|Any CPU
		{072F5895-87FE-4F81-AEDC-0F803D11136F}.Release|iPhoneSimulator.Build.0 = Release|Any CPU
		{072F5895-87FE-4F81-AEDC-0F803D11136F}.Release|iPhoneSimulator.Deploy.0 = Release|Any CPU
	EndGlobalSection
	GlobalSection(SolutionProperties) = preSolution
		HideSolutionNode = FALSE
	EndGlobalSection
	GlobalSection(ExtensibilityGlobals) = postSolution
		SolutionGuid = {7393569D-DF00-4AA2-9658-C0C2F513E758}
	EndGlobalSection
EndGlobal
